
Microsoft Visual Studio Solution File, Format Version 12.00
# Visual Studio Version 16
VisualStudioVersion = 16.0.30804.86
MinimumVisualStudioVersion = 10.0.40219.1
Project("{9A19103F-16F7-4668-BE54-9A1E7A4F7556}") = "lzLoad", "lzLoad\lzLoad.csproj", "{01C36DE4-B0F5-4DA1-9690-3E42F83AE0F0}"
EndProject
Project("{9A19103F-16F7-4668-BE54-9A1E7A4F7556}") = "Workers", "Workers\Workers.csproj", "{BE5C170C-9A68-45D1-8856-2FBBF021778A}"
EndProject
Global
	GlobalSection(SolutionConfigurationPlatforms) = preSolution
		Debug|Any CPU = Debug|Any CPU
		Release|Any CPU = Release|Any CPU
	EndGlobalSection
	GlobalSection(ProjectConfigurationPlatforms) = postSolution
		{01C36DE4-B0F5-4DA1-9690-3E42F83AE0F0}.Debug|Any CPU.ActiveCfg = Debug|Any CPU
		{01C36DE4-B0F5-4DA1-9690-3E42F83AE0F0}.Debug|Any CPU.Build.0 = Debug|Any CPU
		{01C36DE4-B0F5-4DA1-9690-3E42F83AE0F0}.Release|Any CPU.ActiveCfg = Release|Any CPU
		{01C36DE4-B0F5-4DA1-9690-3E42F83AE0F0}.Release|Any CPU.Build.0 = Release|Any CPU
		{BE5C170C-9A68-45D1-8856-2FBBF021778A}.Debug|Any CPU.ActiveCfg = Debug|Any CPU
		{BE5C170C-9A68-45D1-8856-2FBBF021778A}.Debug|Any CPU.Build.0 = Debug|Any CPU
		{BE5C170C-9A68-45D1-8856-2FBBF021778A}.Release|Any CPU.ActiveCfg = Release|Any CPU
		{BE5C170C-9A68-45D1-8856-2FBBF021778A}.Release|Any CPU.Build.0 = Release|Any CPU
	EndGlobalSection
	GlobalSection(SolutionProperties) = preSolution
		HideSolutionNode = FALSE
	EndGlobalSection
	GlobalSection(ExtensibilityGlobals) = postSolution
		SolutionGuid = {86090C63-FA58-4CB0-A279-A76B68621340}
	EndGlobalSection
EndGlobal
